
Microsoft Visual Studio Solution File, Format Version 12.00
# Visual Studio 2012
Project("{FAE04EC0-301F-11D3-BF4B-00C04F79EFBC}") = "HappyDay.QrCodeWinform", "HappyDay.QrCodeWinform\HappyDay.QrCodeWinform.csproj", "{91299476-CE8F-47CE-82FA-3FD626F553AA}"
EndProject
Project("{FAE04EC0-301F-11D3-BF4B-00C04F79EFBC}") = "HappyDay.ZXingNetWinform", "HappyDay.ZXingNetWinform\HappyDay.ZXingNetWinform.csproj", "{97D06D0B-7017-4C2F-886B-AC7F11F5C339}"
EndProject
Global
	GlobalSection(SolutionConfigurationPlatforms) = preSolution
		Debug|Any CPU = Debug|Any CPU
		Release|Any CPU = Release|Any CPU
	EndGlobalSection
	GlobalSection(ProjectConfigurationPlatforms) = postSolution
		{91299476-CE8F-47CE-82FA-3FD626F553AA}.Debug|Any CPU.ActiveCfg = Debug|Any CPU
		{91299476-CE8F-47CE-82FA-3FD626F553AA}.Debug|Any CPU.Build.0 = Debug|Any CPU
		{91299476-CE8F-47CE-82FA-3FD626F553AA}.Release|Any CPU.ActiveCfg = Release|Any CPU
		{91299476-CE8F-47CE-82FA-3FD626F553AA}.Release|Any CPU.Build.0 = Release|Any CPU
		{97D06D0B-7017-4C2F-886B-AC7F11F5C339}.Debug|Any CPU.ActiveCfg = Debug|Any CPU
		{97D06D0B-7017-4C2F-886B-AC7F11F5C339}.Debug|Any CPU.Build.0 = Debug|Any CPU
		{97D06D0B-7017-4C2F-886B-AC7F11F5C339}.Release|Any CPU.ActiveCfg = Release|Any CPU
		{97D06D0B-7017-4C2F-886B-AC7F11F5C339}.Release|Any CPU.Build.0 = Release|Any CPU
	EndGlobalSection
	GlobalSection(SolutionProperties) = preSolution
		HideSolutionNode = FALSE
	EndGlobalSection
EndGlobal
